
Microsoft Visual Studio Solution File, Format Version 12.00
# Visual Studio Version 17
VisualStudioVersion = 17.5.002.0
MinimumVisualStudioVersion = 10.0.40219.1
Project("{9A19103F-16F7-4668-BE54-9A1E7A4F7556}") = "UnitSystem", "UnitSystem\UnitSystem.csproj", "{C92EB386-0FEE-4EE3-B5A2-563A4AEDD606}"
EndProject
Project("{9A19103F-16F7-4668-BE54-9A1E7A4F7556}") = "UnitSystem.UnitTests", "UnitSystem.UnitTests\UnitSystem.UnitTests.csproj", "{E4BF744A-EDE3-44BE-ACC4-FFC253783072}"
EndProject
Global
	GlobalSection(SolutionConfigurationPlatforms) = preSolution
		Debug|Any CPU = Debug|Any CPU
		Release|Any CPU = Release|Any CPU
	EndGlobalSection
	GlobalSection(ProjectConfigurationPlatforms) = postSolution
		{C92EB386-0FEE-4EE3-B5A2-563A4AEDD606}.Debug|Any CPU.ActiveCfg = Debug|Any CPU
		{C92EB386-0FEE-4EE3-B5A2-563A4AEDD606}.Debug|Any CPU.Build.0 = Debug|Any CPU
		{C92EB386-0FEE-4EE3-B5A2-563A4AEDD606}.Release|Any CPU.ActiveCfg = Release|Any CPU
		{C92EB386-0FEE-4EE3-B5A2-563A4AEDD606}.Release|Any CPU.Build.0 = Release|Any CPU
		{E4BF744A-EDE3-44BE-ACC4-FFC253783072}.Debug|Any CPU.ActiveCfg = Debug|Any CPU
		{E4BF744A-EDE3-44BE-ACC4-FFC253783072}.Debug|Any CPU.Build.0 = Debug|Any CPU
		{E4BF744A-EDE3-44BE-ACC4-FFC253783072}.Release|Any CPU.ActiveCfg = Release|Any CPU
		{E4BF744A-EDE3-44BE-ACC4-FFC253783072}.Release|Any CPU.Build.0 = Release|Any CPU
	EndGlobalSection
	GlobalSection(SolutionProperties) = preSolution
		HideSolutionNode = FALSE
	EndGlobalSection
	GlobalSection(ExtensibilityGlobals) = postSolution
		SolutionGuid = {E61DCE21-7F3F-45F2-813C-AC39425822A6}
	EndGlobalSection
EndGlobal
